// !$*UTF8*$!
{
	archiveVersion = 1;
	classes = {
	};
	objectVersion = 50;
	objects = {

/* Begin PBXBuildFile section */
		52169CB6265EDCAB00E99B91 /* screenshots.png in Resources */ = {isa = PBXBuildFile; fileRef = 52169CB5265EDCAB00E99B91 /* screenshots.png */; };
		5235F3E1265BF6EF00C816DD /* Task2_1ViewController.swift in Sources */ = {isa = PBXBuildFile; fileRef = 5235F3E0265BF6EF00C816DD /* Task2_1ViewController.swift */; };
		5235F3E7265C028500C816DD /* ItemClass.swift in Sources */ = {isa = PBXBuildFile; fileRef = 5235F3E6265C028500C816DD /* ItemClass.swift */; };
		5235F3EA265C036900C816DD /* BasicData.swift in Sources */ = {isa = PBXBuildFile; fileRef = 5235F3E9265C036900C816DD /* BasicData.swift */; };
		52719222264862D9009B585D /* Task3_1ViewController.swift in Sources */ = {isa = PBXBuildFile; fileRef = 52719221264862D9009B585D /* Task3_1ViewController.swift */; };
		528A58C0263F05A20010A87C /* Task3ViewController.swift in Sources */ = {isa = PBXBuildFile; fileRef = 528A58BF263F05A20010A87C /* Task3ViewController.swift */; };
		52D19ADF262C44D100D3AD10 /* Task1CollectionViewCell.swift in Sources */ = {isa = PBXBuildFile; fileRef = 52D19ADE262C44D100D3AD10 /* Task1CollectionViewCell.swift */; };
		52D19AE2262C451800D3AD10 /* Task1ViewController.swift in Sources */ = {isa = PBXBuildFile; fileRef = 52D19AE1262C451800D3AD10 /* Task1ViewController.swift */; };
		52E81B36262DB46B00FA3B1B /* Task2ViewController.swift in Sources */ = {isa = PBXBuildFile; fileRef = 52E81B35262DB46B00FA3B1B /* Task2ViewController.swift */; };
		52E81B39262DB49200FA3B1B /* Task2TableViewCell.swift in Sources */ = {isa = PBXBuildFile; fileRef = 52E81B38262DB49200FA3B1B /* Task2TableViewCell.swift */; };
		52EB8EEA262ACBB6008A2FF6 /* AppDelegate.swift in Sources */ = {isa = PBXBuildFile; fileRef = 52EB8EE9262ACBB6008A2FF6 /* AppDelegate.swift */; };
		52EB8EEC262ACBB6008A2FF6 /* SceneDelegate.swift in Sources */ = {isa = PBXBuildFile; fileRef = 52EB8EEB262ACBB6008A2FF6 /* SceneDelegate.swift */; };
		52EB8EEE262ACBB6008A2FF6 /* ViewController.swift in Sources */ = {isa = PBXBuildFile; fileRef = 52EB8EED262ACBB6008A2FF6 /* ViewController.swift */; };
		52EB8EF1262ACBB6008A2FF6 /* Main.storyboard in Resources */ = {isa = PBXBuildFile; fileRef = 52EB8EEF262ACBB6008A2FF6 /* Main.storyboard */; };
		52EB8EF3262ACBB7008A2FF6 /* Assets.xcassets in Resources */ = {isa = PBXBuildFile; fileRef = 52EB8EF2262ACBB7008A2FF6 /* Assets.xcassets */; };
		52EB8EF6262ACBB7008A2FF6 /* LaunchScreen.storyboard in Resources */ = {isa = PBXBuildFile; fileRef = 52EB8EF4262ACBB7008A2FF6 /* LaunchScreen.storyboard */; };
		52EDB947265D12810076EB30 /* Task2_1TableViewCell.swift in Sources */ = {isa = PBXBuildFile; fileRef = 52EDB946265D12810076EB30 /* Task2_1TableViewCell.swift */; };
/* End PBXBuildFile section */

/* Begin PBXFileReference section */
		52169CB5265EDCAB00E99B91 /* screenshots.png */ = {isa = PBXFileReference; lastKnownFileType = image.png; name = screenshots.png; path = ../../../../Desktop/screenshots.png; sourceTree = "<group>"; };
		5235F3E0265BF6EF00C816DD /* Task2_1ViewController.swift */ = {isa = PBXFileReference; lastKnownFileType = sourcecode.swift; path = Task2_1ViewController.swift; sourceTree = "<group>"; };
		5235F3E6265C028500C816DD /* ItemClass.swift */ = {isa = PBXFileReference; lastKnownFileType = sourcecode.swift; path = ItemClass.swift; sourceTree = "<group>"; };
		5235F3E9265C036900C816DD /* BasicData.swift */ = {isa = PBXFileReference; lastKnownFileType = sourcecode.swift; path = BasicData.swift; sourceTree = "<group>"; };
		52719221264862D9009B585D /* Task3_1ViewController.swift */ = {isa = PBXFileReference; lastKnownFileType = sourcecode.swift; path = Task3_1ViewController.swift; sourceTree = "<group>"; };
		528A58BF263F05A20010A87C /* Task3ViewController.swift */ = {isa = PBXFileReference; lastKnownFileType = sourcecode.swift; path = Task3ViewController.swift; sourceTree = "<group>"; };
		52D19ADE262C44D100D3AD10 /* Task1CollectionViewCell.swift */ = {isa = PBXFileReference; lastKnownFileType = sourcecode.swift; path = Task1CollectionViewCell.swift; sourceTree = "<group>"; };
		52D19AE1262C451800D3AD10 /* Task1ViewController.swift */ = {isa = PBXFileReference; lastKnownFileType = sourcecode.swift; path = Task1ViewController.swift; sourceTree = "<group>"; };
		52E81B35262DB46B00FA3B1B /* Task2ViewController.swift */ = {isa = PBXFileReference; lastKnownFileType = sourcecode.swift; path = Task2ViewController.swift; sourceTree = "<group>"; };
		52E81B38262DB49200FA3B1B /* Task2TableViewCell.swift */ = {isa = PBXFileReference; lastKnownFileType = sourcecode.swift; path = Task2TableViewCell.swift; sourceTree = "<group>"; };
		52EB8EE6262ACBB6008A2FF6 /* Module_10.app */ = {isa = PBXFileReference; explicitFileType = wrapper.application; includeInIndex = 0; path = Module_10.app; sourceTree = BUILT_PRODUCTS_DIR; };
		52EB8EE9262ACBB6008A2FF6 /* AppDelegate.swift */ = {isa = PBXFileReference; lastKnownFileType = sourcecode.swift; path = AppDelegate.swift; sourceTree = "<group>"; };
		52EB8EEB262ACBB6008A2FF6 /* SceneDelegate.swift */ = {isa = PBXFileReference; lastKnownFileType = sourcecode.swift; path = SceneDelegate.swift; sourceTree = "<group>"; };
		52EB8EED262ACBB6008A2FF6 /* ViewController.swift */ = {isa = PBXFileReference; lastKnownFileType = sourcecode.swift; path = ViewController.swift; sourceTree = "<group>"; };
		52EB8EF0262ACBB6008A2FF6 /* Base */ = {isa = PBXFileReference; lastKnownFileType = file.storyboard; name = Base; path = Base.lproj/Main.storyboard; sourceTree = "<group>"; };
		52EB8EF2262ACBB7008A2FF6 /* Assets.xcassets */ = {isa = PBXFileReference; lastKnownFileType = folder.assetcatalog; path = Assets.xcassets; sourceTree = "<group>"; };
		52EB8EF5262ACBB7008A2FF6 /* Base */ = {isa = PBXFileReference; lastKnownFileType = file.storyboard; name = Base; path = Base.lproj/LaunchScreen.storyboard; sourceTree = "<group>"; };
		52EB8EF7262ACBB7008A2FF6 /* Info.plist */ = {isa = PBXFileReference; lastKnownFileType = text.plist.xml; path = Info.plist; sourceTree = "<group>"; };
		52EB8EFE262ACC90008A2FF6 /* README.md */ = {isa = PBXFileReference; lastKnownFileType = net.daringfireball.markdown; path = README.md; sourceTree = "<group>"; };
		52EDB946265D12810076EB30 /* Task2_1TableViewCell.swift */ = {isa = PBXFileReference; lastKnownFileType = sourcecode.swift; path = Task2_1TableViewCell.swift; sourceTree = "<group>"; };
/* End PBXFileReference section */

/* Begin PBXFrameworksBuildPhase section */
		52EB8EE3262ACBB6008A2FF6 /* Frameworks */ = {
			isa = PBXFrameworksBuildPhase;
			buildActionMask = 2147483647;
			files = (
			);
			runOnlyForDeploymentPostprocessing = 0;
		};
/* End PBXFrameworksBuildPhase section */

/* Begin PBXGroup section */
		52169CB4265EDC6300E99B91 /* Screenshots */ = {
			isa = PBXGroup;
			children = (
				52169CB5265EDCAB00E99B91 /* screenshots.png */,
			);
			path = Screenshots;
			sourceTree = "<group>";
		};
		5235F3E3265BF7AF00C816DD /* Task2_1 */ = {
			isa = PBXGroup;
			children = (
				5235F3E5265C01D200C816DD /* Data generation */,
				5235F3E0265BF6EF00C816DD /* Task2_1ViewController.swift */,
				52EDB946265D12810076EB30 /* Task2_1TableViewCell.swift */,
			);
			path = Task2_1;
			sourceTree = "<group>";
		};
		5235F3E5265C01D200C816DD /* Data generation */ = {
			isa = PBXGroup;
			children = (
				5235F3E6265C028500C816DD /* ItemClass.swift */,
				5235F3E9265C036900C816DD /* BasicData.swift */,
			);
			path = "Data generation";
			sourceTree = "<group>";
		};
		52EB8EDD262ACBB6008A2FF6 = {
			isa = PBXGroup;
			children = (
				52EB8EFE262ACC90008A2FF6 /* README.md */,
				52EB8EE8262ACBB6008A2FF6 /* Module_10 */,
				52EB8EE7262ACBB6008A2FF6 /* Products */,
			);
			sourceTree = "<group>";
		};
		52EB8EE7262ACBB6008A2FF6 /* Products */ = {
			isa = PBXGroup;
			children = (
				52EB8EE6262ACBB6008A2FF6 /* Module_10.app */,
			);
			name = Products;
			sourceTree = "<group>";
		};
		52EB8EE8262ACBB6008A2FF6 /* Module_10 */ = {
			isa = PBXGroup;
			children = (
				52169CB4265EDC6300E99B91 /* Screenshots */,
				52EB8EE9262ACBB6008A2FF6 /* AppDelegate.swift */,
				52EB8EEB262ACBB6008A2FF6 /* SceneDelegate.swift */,
				52EB8EED262ACBB6008A2FF6 /* ViewController.swift */,
				52EB8EEF262ACBB6008A2FF6 /* Main.storyboard */,
				5235F3E3265BF7AF00C816DD /* Task2_1 */,
				52719221264862D9009B585D /* Task3_1ViewController.swift */,
				528A58BF263F05A20010A87C /* Task3ViewController.swift */,
				52E81B35262DB46B00FA3B1B /* Task2ViewController.swift */,
				52E81B38262DB49200FA3B1B /* Task2TableViewCell.swift */,
				52D19ADE262C44D100D3AD10 /* Task1CollectionViewCell.swift */,
				52D19AE1262C451800D3AD10 /* Task1ViewController.swift */,
				52EB8EF2262ACBB7008A2FF6 /* Assets.xcassets */,
				52EB8EF4262ACBB7008A2FF6 /* LaunchScreen.storyboard */,
				52EB8EF7262ACBB7008A2FF6 /* Info.plist */,
			);
			path = Module_10;
			sourceTree = "<group>";
		};
/* End PBXGroup section */

/* Begin PBXNativeTarget section */
		52EB8EE5262ACBB6008A2FF6 /* Module_10 */ = {
			isa = PBXNativeTarget;
			buildConfigurationList = 52EB8EFA262ACBB7008A2FF6 /* Build configuration list for PBXNativeTarget "Module_10" */;
			buildPhases = (
				52EB8EE2262ACBB6008A2FF6 /* Sources */,
				52EB8EE3262ACBB6008A2FF6 /* Frameworks */,
				52EB8EE4262ACBB6008A2FF6 /* Resources */,
			);
			buildRules = (
			);
			dependencies = (
			);
			name = Module_10;
			productName = Module_10;
			productReference = 52EB8EE6262ACBB6008A2FF6 /* Module_10.app */;
			productType = "com.apple.product-type.application";
		};
/* End PBXNativeTarget section */

/* Begin PBXProject section */
		52EB8EDE262ACBB6008A2FF6 /* Project object */ = {
			isa = PBXProject;
			attributes = {
				LastSwiftUpdateCheck = 1220;
				LastUpgradeCheck = 1220;
				TargetAttributes = {
					52EB8EE5262ACBB6008A2FF6 = {
						CreatedOnToolsVersion = 12.2;
					};
				};
			};
			buildConfigurationList = 52EB8EE1262ACBB6008A2FF6 /* Build configuration list for PBXProject "Module_10" */;
			compatibilityVersion = "Xcode 9.3";
			developmentRegion = en;
			hasScannedForEncodings = 0;
			knownRegions = (
				en,
				Base,
			);
			mainGroup = 52EB8EDD262ACBB6008A2FF6;
			productRefGroup = 52EB8EE7262ACBB6008A2FF6 /* Products */;
			projectDirPath = "";
			projectRoot = "";
			targets = (
				52EB8EE5262ACBB6008A2FF6 /* Module_10 */,
			);
		};
/* End PBXProject section */

/* Begin PBXResourcesBuildPhase section */
		52EB8EE4262ACBB6008A2FF6 /* Resources */ = {
			isa = PBXResourcesBuildPhase;
			buildActionMask = 2147483647;
			files = (
				52EB8EF6262ACBB7008A2FF6 /* LaunchScreen.storyboard in Resources */,
				52EB8EF3262ACBB7008A2FF6 /* Assets.xcassets in Resources */,
				52EB8EF1262ACBB6008A2FF6 /* Main.storyboard in Resources */,
				52169CB6265EDCAB00E99B91 /* screenshots.png in Resources */,
			);
			runOnlyForDeploymentPostprocessing = 0;
		};
/* End PBXResourcesBuildPhase section */

/* Begin PBXSourcesBuildPhase section */
		52EB8EE2262ACBB6008A2FF6 /* Sources */ = {
			isa = PBXSourcesBuildPhase;
			buildActionMask = 2147483647;
			files = (
				52E81B36262DB46B00FA3B1B /* Task2ViewController.swift in Sources */,
				528A58C0263F05A20010A87C /* Task3ViewController.swift in Sources */,
				5235F3EA265C036900C816DD /* BasicData.swift in Sources */,
				5235F3E7265C028500C816DD /* ItemClass.swift in Sources */,
				52EB8EEE262ACBB6008A2FF6 /* ViewController.swift in Sources */,
				52EB8EEA262ACBB6008A2FF6 /* AppDelegate.swift in Sources */,
				52D19AE2262C451800D3AD10 /* Task1ViewController.swift in Sources */,
				52719222264862D9009B585D /* Task3_1ViewController.swift in Sources */,
				5235F3E1265BF6EF00C816DD /* Task2_1ViewController.swift in Sources */,
				52EB8EEC262ACBB6008A2FF6 /* SceneDelegate.swift in Sources */,
				52D19ADF262C44D100D3AD10 /* Task1CollectionViewCell.swift in Sources */,
				52EDB947265D12810076EB30 /* Task2_1TableViewCell.swift in Sources */,
				52E81B39262DB49200FA3B1B /* Task2TableViewCell.swift in Sources */,
			);
			runOnlyForDeploymentPostprocessing = 0;
		};
/* End PBXSourcesBuildPhase section */

/* Begin PBXVariantGroup section */
		52EB8EEF262ACBB6008A2FF6 /* Main.storyboard */ = {
			isa = PBXVariantGroup;
			children = (
				52EB8EF0262ACBB6008A2FF6 /* Base */,
			);
			name = Main.storyboard;
			sourceTree = "<group>";
		};
		52EB8EF4262ACBB7008A2FF6 /* LaunchScreen.storyboard */ = {
			isa = PBXVariantGroup;
			children = (
				52EB8EF5262ACBB7008A2FF6 /* Base */,
			);
			name = LaunchScreen.storyboard;
			sourceTree = "<group>";
		};
/* End PBXVariantGroup section */

/* Begin XCBuildConfiguration section */
		52EB8EF8262ACBB7008A2FF6 /* Debug */ = {
			isa = XCBuildConfiguration;
			buildSettings = {
				ALWAYS_SEARCH_USER_PATHS = NO;
				CLANG_ANALYZER_NONNULL = YES;
				CLANG_ANALYZER_NUMBER_OBJECT_CONVERSION = YES_AGGRESSIVE;
				CLANG_CXX_LANGUAGE_STANDARD = "gnu++14";
				CLANG_CXX_LIBRARY = "libc++";
				CLANG_ENABLE_MODULES = YES;
				CLANG_ENABLE_OBJC_ARC = YES;
				CLANG_ENABLE_OBJC_WEAK = YES;
				CLANG_WARN_BLOCK_CAPTURE_AUTORELEASING = YES;
				CLANG_WARN_BOOL_CONVERSION = YES;
				CLANG_WARN_COMMA = YES;
				CLANG_WARN_CONSTANT_CONVERSION = YES;
				CLANG_WARN_DEPRECATED_OBJC_IMPLEMENTATIONS = YES;
				CLANG_WARN_DIRECT_OBJC_ISA_USAGE = YES_ERROR;
				CLANG_WARN_DOCUMENTATION_COMMENTS = YES;
				CLANG_WARN_EMPTY_BODY = YES;
				CLANG_WARN_ENUM_CONVERSION = YES;
				CLANG_WARN_INFINITE_RECURSION = YES;
				CLANG_WARN_INT_CONVERSION = YES;
				CLANG_WARN_NON_LITERAL_NULL_CONVERSION = YES;
				CLANG_WARN_OBJC_IMPLICIT_RETAIN_SELF = YES;
				CLANG_WARN_OBJC_LITERAL_CONVERSION = YES;
				CLANG_WARN_OBJC_ROOT_CLASS = YES_ERROR;
				CLANG_WARN_QUOTED_INCLUDE_IN_FRAMEWORK_HEADER = YES;
				CLANG_WARN_RANGE_LOOP_ANALYSIS = YES;
				CLANG_WARN_STRICT_PROTOTYPES = YES;
				CLANG_WARN_SUSPICIOUS_MOVE = YES;
				CLANG_WARN_UNGUARDED_AVAILABILITY = YES_AGGRESSIVE;
				CLANG_WARN_UNREACHABLE_CODE = YES;
				CLANG_WARN__DUPLICATE_METHOD_MATCH = YES;
				COPY_PHASE_STRIP = NO;
				DEBUG_INFORMATION_FORMAT = dwarf;
				ENABLE_STRICT_OBJC_MSGSEND = YES;
				ENABLE_TESTABILITY = YES;
				GCC_C_LANGUAGE_STANDARD = gnu11;
				GCC_DYNAMIC_NO_PIC = NO;
				GCC_NO_COMMON_BLOCKS = YES;
				GCC_OPTIMIZATION_LEVEL = 0;
				GCC_PREPROCESSOR_DEFINITIONS = (
					"DEBUG=1",
					"$(inherited)",
				);
				GCC_WARN_64_TO_32_BIT_CONVERSION = YES;
				GCC_WARN_ABOUT_RETURN_TYPE = YES_ERROR;
				GCC_WARN_UNDECLARED_SELECTOR = YES;
				GCC_WARN_UNINITIALIZED_AUTOS = YES_AGGRESSIVE;
				GCC_WARN_UNUSED_FUNCTION = YES;
				GCC_WARN_UNUSED_VARIABLE = YES;
				IPHONEOS_DEPLOYMENT_TARGET = 14.2;
				MTL_ENABLE_DEBUG_INFO = INCLUDE_SOURCE;
				MTL_FAST_MATH = YES;
				ONLY_ACTIVE_ARCH = YES;
				SDKROOT = iphoneos;
				SWIFT_ACTIVE_COMPILATION_CONDITIONS = DEBUG;
				SWIFT_OPTIMIZATION_LEVEL = "-Onone";
			};
			name = Debug;
		};
		52EB8EF9262ACBB7008A2FF6 /* Release */ = {
			isa = XCBuildConfiguration;
			buildSettings = {
				ALWAYS_SEARCH_USER_PATHS = NO;
				CLANG_ANALYZER_NONNULL = YES;
				CLANG_ANALYZER_NUMBER_OBJECT_CONVERSION = YES_AGGRESSIVE;
				CLANG_CXX_LANGUAGE_STANDARD = "gnu++14";
				CLANG_CXX_LIBRARY = "libc++";
				CLANG_ENABLE_MODULES = YES;
				CLANG_ENABLE_OBJC_ARC = YES;
				CLANG_ENABLE_OBJC_WEAK = YES;
				CLANG_WARN_BLOCK_CAPTURE_AUTORELEASING = YES;
				CLANG_WARN_BOOL_CONVERSION = YES;
				CLANG_WARN_COMMA = YES;
				CLANG_WARN_CONSTANT_CONVERSION = YES;
				CLANG_WARN_DEPRECATED_OBJC_IMPLEMENTATIONS = YES;
				CLANG_WARN_DIRECT_OBJC_ISA_USAGE = YES_ERROR;
				CLANG_WARN_DOCUMENTATION_COMMENTS = YES;
				CLANG_WARN_EMPTY_BODY = YES;
				CLANG_WARN_ENUM_CONVERSION = YES;
				CLANG_WARN_INFINITE_RECURSION = YES;
				CLANG_WARN_INT_CONVERSION = YES;
				CLANG_WARN_NON_LITERAL_NULL_CONVERSION = YES;
				CLANG_WARN_OBJC_IMPLICIT_RETAIN_SELF = YES;
				CLANG_WARN_OBJC_LITERAL_CONVERSION = YES;
				CLANG_WARN_OBJC_ROOT_CLASS = YES_ERROR;
				CLANG_WARN_QUOTED_INCLUDE_IN_FRAMEWORK_HEADER = YES;
				CLANG_WARN_RANGE_LOOP_ANALYSIS = YES;
				CLANG_WARN_STRICT_PROTOTYPES = YES;
				CLANG_WARN_SUSPICIOUS_MOVE = YES;
				CLANG_WARN_UNGUARDED_AVAILABILITY = YES_AGGRESSIVE;
				CLANG_WARN_UNREACHABLE_CODE = YES;
				CLANG_WARN__DUPLICATE_METHOD_MATCH = YES;
				COPY_PHASE_STRIP = NO;
				DEBUG_INFORMATION_FORMAT = "dwarf-with-dsym";
				ENABLE_NS_ASSERTIONS = NO;
				ENABLE_STRICT_OBJC_MSGSEND = YES;
				GCC_C_LANGUAGE_STANDARD = gnu11;
				GCC_NO_COMMON_BLOCKS = YES;
				GCC_WARN_64_TO_32_BIT_CONVERSION = YES;
				GCC_WARN_ABOUT_RETURN_TYPE = YES_ERROR;
				GCC_WARN_UNDECLARED_SELECTOR = YES;
				GCC_WARN_UNINITIALIZED_AUTOS = YES_AGGRESSIVE;
				GCC_WARN_UNUSED_FUNCTION = YES;
				GCC_WARN_UNUSED_VARIABLE = YES;
				IPHONEOS_DEPLOYMENT_TARGET = 14.2;
				MTL_ENABLE_DEBUG_INFO = NO;
				MTL_FAST_MATH = YES;
				SDKROOT = iphoneos;
				SWIFT_COMPILATION_MODE = wholemodule;
				SWIFT_OPTIMIZATION_LEVEL = "-O";
				VALIDATE_PRODUCT = YES;
			};
			name = Release;
		};
		52EB8EFB262ACBB7008A2FF6 /* Debug */ = {
			isa = XCBuildConfiguration;
			buildSettings = {
				ASSETCATALOG_COMPILER_APPICON_NAME = AppIcon;
				ASSETCATALOG_COMPILER_GLOBAL_ACCENT_COLOR_NAME = AccentColor;
				CODE_SIGN_STYLE = Automatic;
				DEVELOPMENT_TEAM = C9KXM95PQS;
				INFOPLIST_FILE = Module_10/Info.plist;
				LD_RUNPATH_SEARCH_PATHS = (
					"$(inherited)",
					"@executable_path/Frameworks",
				);
				PRODUCT_BUNDLE_IDENTIFIER = "liubowolkova.Module-10";
				PRODUCT_NAME = "$(TARGET_NAME)";
				SWIFT_VERSION = 5.0;
				TARGETED_DEVICE_FAMILY = "1,2";
			};
			name = Debug;
		};
		52EB8EFC262ACBB7008A2FF6 /* Release */ = {
			isa = XCBuildConfiguration;
			buildSettings = {
				ASSETCATALOG_COMPILER_APPICON_NAME = AppIcon;
				ASSETCATALOG_COMPILER_GLOBAL_ACCENT_COLOR_NAME = AccentColor;
				CODE_SIGN_STYLE = Automatic;
				DEVELOPMENT_TEAM = C9KXM95PQS;
				INFOPLIST_FILE = Module_10/Info.plist;
				LD_RUNPATH_SEARCH_PATHS = (
					"$(inherited)",
					"@executable_path/Frameworks",
				);
				PRODUCT_BUNDLE_IDENTIFIER = "liubowolkova.Module-10";
				PRODUCT_NAME = "$(TARGET_NAME)";
				SWIFT_VERSION = 5.0;
				TARGETED_DEVICE_FAMILY = "1,2";
			};
			name = Release;
		};
/* End XCBuildConfiguration section */

/* Begin XCConfigurationList section */
		52EB8EE1262ACBB6008A2FF6 /* Build configuration list for PBXProject "Module_10" */ = {
			isa = XCConfigurationList;
			buildConfigurations = (
				52EB8EF8262ACBB7008A2FF6 /* Debug */,
				52EB8EF9262ACBB7008A2FF6 /* Release */,
			);
			defaultConfigurationIsVisible = 0;
			defaultConfigurationName = Release;
		};
		52EB8EFA262ACBB7008A2FF6 /* Build configuration list for PBXNativeTarget "Module_10" */ = {
			isa = XCConfigurationList;
			buildConfigurations = (
				52EB8EFB262ACBB7008A2FF6 /* Debug */,
				52EB8EFC262ACBB7008A2FF6 /* Release */,
			);
			defaultConfigurationIsVisible = 0;
			defaultConfigurationName = Release;
		};
/* End XCConfigurationList section */
	};
	rootObject = 52EB8EDE262ACBB6008A2FF6 /* Project object */;
}
